
Microsoft Visual Studio Solution File, Format Version 12.00
# Visual Studio Version 17
VisualStudioVersion = 17.9.34701.34
MinimumVisualStudioVersion = 10.0.40219.1
Project("{8BC9CEB8-8B4A-11D0-8D11-00A0C91BC942}") = "DelMeRepoAttend", "DelMeRepoAttend\DelMeRepoAttend.vcxproj", "{806E9ED5-41C4-4ABC-AE20-6BE80F1DEA5D}"
EndProject
Project("{8BC9CEB8-8B4A-11D0-8D11-00A0C91BC942}") = "UnitTest1", "UnitTest1\UnitTest1.vcxproj", "{0AEDD9A5-7520-4ED5-992A-5D372B0B9C85}"
EndProject
Global
	GlobalSection(SolutionConfigurationPlatforms) = preSolution
		Debug|x64 = Debug|x64
		Debug|x86 = Debug|x86
		Release|x64 = Release|x64
		Release|x86 = Release|x86
	EndGlobalSection
	GlobalSection(ProjectConfigurationPlatforms) = postSolution
		{806E9ED5-41C4-4ABC-AE20-6BE80F1DEA5D}.Debug|x64.ActiveCfg = Debug|x64
		{806E9ED5-41C4-4ABC-AE20-6BE80F1DEA5D}.Debug|x64.Build.0 = Debug|x64
		{806E9ED5-41C4-4ABC-AE20-6BE80F1DEA5D}.Debug|x86.ActiveCfg = Debug|Win32
		{806E9ED5-41C4-4ABC-AE20-6BE80F1DEA5D}.Debug|x86.Build.0 = Debug|Win32
		{806E9ED5-41C4-4ABC-AE20-6BE80F1DEA5D}.Release|x64.ActiveCfg = Release|x64
		{806E9ED5-41C4-4ABC-AE20-6BE80F1DEA5D}.Release|x64.Build.0 = Release|x64
		{806E9ED5-41C4-4ABC-AE20-6BE80F1DEA5D}.Release|x86.ActiveCfg = Release|Win32
		{806E9ED5-41C4-4ABC-AE20-6BE80F1DEA5D}.Release|x86.Build.0 = Release|Win32
		{0AEDD9A5-7520-4ED5-992A-5D372B0B9C85}.Debug|x64.ActiveCfg = Debug|x64
		{0AEDD9A5-7520-4ED5-992A-5D372B0B9C85}.Debug|x64.Build.0 = Debug|x64
		{0AEDD9A5-7520-4ED5-992A-5D372B0B9C85}.Debug|x86.ActiveCfg = Debug|Win32
		{0AEDD9A5-7520-4ED5-992A-5D372B0B9C85}.Debug|x86.Build.0 = Debug|Win32
		{0AEDD9A5-7520-4ED5-992A-5D372B0B9C85}.Release|x64.ActiveCfg = Release|x64
		{0AEDD9A5-7520-4ED5-992A-5D372B0B9C85}.Release|x64.Build.0 = Release|x64
		{0AEDD9A5-7520-4ED5-992A-5D372B0B9C85}.Release|x86.ActiveCfg = Release|Win32
		{0AEDD9A5-7520-4ED5-992A-5D372B0B9C85}.Release|x86.Build.0 = Release|Win32
	EndGlobalSection
	GlobalSection(SolutionProperties) = preSolution
		HideSolutionNode = FALSE
	EndGlobalSection
	GlobalSection(ExtensibilityGlobals) = postSolution
		SolutionGuid = {125C650E-F661-4505-B258-18463C126D90}
	EndGlobalSection
EndGlobal
